// !$*UTF8*$!
{
	archiveVersion = 1;
	classes = {
	};
	objectVersion = 55;
	objects = {

/* Begin PBXBuildFile section */
		573DE1D4E1B354FA734B059D /* Pods_TipJar_TipJarUITests.framework in Frameworks */ = {isa = PBXBuildFile; fileRef = AF56281BA049498BA8217E31 /* Pods_TipJar_TipJarUITests.framework */; };
		6C51DC1A27B6176F00E54296 /* TipJarApp.swift in Sources */ = {isa = PBXBuildFile; fileRef = 6C51DC1927B6176F00E54296 /* TipJarApp.swift */; };
		6C51DC1E27B6177000E54296 /* Assets.xcassets in Resources */ = {isa = PBXBuildFile; fileRef = 6C51DC1D27B6177000E54296 /* Assets.xcassets */; };
		6C51DC2127B6177000E54296 /* Preview Assets.xcassets in Resources */ = {isa = PBXBuildFile; fileRef = 6C51DC2027B6177000E54296 /* Preview Assets.xcassets */; };
		6C51DC2B27B6177000E54296 /* TipJarTests.swift in Sources */ = {isa = PBXBuildFile; fileRef = 6C51DC2A27B6177000E54296 /* TipJarTests.swift */; };
		6C51DC3527B6177000E54296 /* TipJarUITests.swift in Sources */ = {isa = PBXBuildFile; fileRef = 6C51DC3427B6177000E54296 /* TipJarUITests.swift */; };
		6C51DC3727B6177000E54296 /* TipJarUITestsLaunchTests.swift in Sources */ = {isa = PBXBuildFile; fileRef = 6C51DC3627B6177000E54296 /* TipJarUITestsLaunchTests.swift */; };
		6C51DC4427B617DD00E54296 /* README.md in Resources */ = {isa = PBXBuildFile; fileRef = 6C51DC4327B617DD00E54296 /* README.md */; };
		ACFF2547DA9D049DCA0A42E6 /* Pods_TipJar.framework in Frameworks */ = {isa = PBXBuildFile; fileRef = BD683361B7F684B37E1E762C /* Pods_TipJar.framework */; };
		DA17678F2803487200493A8F /* CameraRepresentableViewModel.swift in Sources */ = {isa = PBXBuildFile; fileRef = DA17678E2803487200493A8F /* CameraRepresentableViewModel.swift */; };
		DA7A3D4927FDFBBB005DD933 /* R.generated.swift in Sources */ = {isa = PBXBuildFile; fileRef = DA7A3D4827FDFBBB005DD933 /* R.generated.swift */; };
		DA7A3D4B27FDFC22005DD933 /* Placeholder.strings in Resources */ = {isa = PBXBuildFile; fileRef = DA7A3D4A27FDFC22005DD933 /* Placeholder.strings */; };
		DA7A3D4F27FDFC4B005DD933 /* Title.strings in Resources */ = {isa = PBXBuildFile; fileRef = DA7A3D4E27FDFC4B005DD933 /* Title.strings */; };
		DA7A3D5327FDFCA9005DD933 /* Field.strings in Resources */ = {isa = PBXBuildFile; fileRef = DA7A3D5227FDFCA9005DD933 /* Field.strings */; };
		DA7A3D5527FDFDC2005DD933 /* Button.strings in Resources */ = {isa = PBXBuildFile; fileRef = DA7A3D5427FDFDC2005DD933 /* Button.strings */; };
		DA7A3D5827FE09E2005DD933 /* NavigationBarView.swift in Sources */ = {isa = PBXBuildFile; fileRef = DA7A3D5727FE09E2005DD933 /* NavigationBarView.swift */; };
		DA7A3D5B27FE0B32005DD933 /* CheckmarkView.swift in Sources */ = {isa = PBXBuildFile; fileRef = DA7A3D5A27FE0B32005DD933 /* CheckmarkView.swift */; };
		DA7A3D5D27FE0D11005DD933 /* CheckmarkViewModel.swift in Sources */ = {isa = PBXBuildFile; fileRef = DA7A3D5C27FE0D11005DD933 /* CheckmarkViewModel.swift */; };
		DA7A3D5F27FE10B3005DD933 /* MediumHorizontalListItemViewStyle.swift in Sources */ = {isa = PBXBuildFile; fileRef = DA7A3D5E27FE10B3005DD933 /* MediumHorizontalListItemViewStyle.swift */; };
		DA7A3D6127FE13ED005DD933 /* AppDelegate.swift in Sources */ = {isa = PBXBuildFile; fileRef = DA7A3D6027FE13ED005DD933 /* AppDelegate.swift */; };
		DA7A3D6427FEE5E9005DD933 /* Screen.swift in Sources */ = {isa = PBXBuildFile; fileRef = DA7A3D6327FEE5E9005DD933 /* Screen.swift */; };
		DA7A3D6B27FEEA11005DD933 /* ScreenContent.swift in Sources */ = {isa = PBXBuildFile; fileRef = DA7A3D6A27FEEA11005DD933 /* ScreenContent.swift */; };
		DA7A3D6D27FEEB66005DD933 /* ScreenViewModel.swift in Sources */ = {isa = PBXBuildFile; fileRef = DA7A3D6C27FEEB66005DD933 /* ScreenViewModel.swift */; };
		DA7A3D6F27FEEC33005DD933 /* Hashable+Extensions.swift in Sources */ = {isa = PBXBuildFile; fileRef = DA7A3D6E27FEEC33005DD933 /* Hashable+Extensions.swift */; };
		DA7A3D7127FEEC51005DD933 /* Double+Extensions.swift in Sources */ = {isa = PBXBuildFile; fileRef = DA7A3D7027FEEC51005DD933 /* Double+Extensions.swift */; };
		DA7A3D7328002899005DD933 /* NavigationBarViewModel.swift in Sources */ = {isa = PBXBuildFile; fileRef = DA7A3D7228002899005DD933 /* NavigationBarViewModel.swift */; };
		DA7A3D76280028D4005DD933 /* ButtonView.swift in Sources */ = {isa = PBXBuildFile; fileRef = DA7A3D75280028D4005DD933 /* ButtonView.swift */; };
		DA7A3D782800290A005DD933 /* ButtonViewModel.swift in Sources */ = {isa = PBXBuildFile; fileRef = DA7A3D772800290A005DD933 /* ButtonViewModel.swift */; };
		DA7A3D7A28002937005DD933 /* Typealiases.swift in Sources */ = {isa = PBXBuildFile; fileRef = DA7A3D7928002937005DD933 /* Typealiases.swift */; };
		DA7A3D7C28002C3F005DD933 /* View+Name.swift in Sources */ = {isa = PBXBuildFile; fileRef = DA7A3D7B28002C3F005DD933 /* View+Name.swift */; };
		DA7A3D7F28003238005DD933 /* HomeScreen.swift in Sources */ = {isa = PBXBuildFile; fileRef = DA7A3D7E28003238005DD933 /* HomeScreen.swift */; };
		DA7A3D8428003362005DD933 /* HomeCoordinator.swift in Sources */ = {isa = PBXBuildFile; fileRef = DA7A3D8328003362005DD933 /* HomeCoordinator.swift */; };
		DA7A3D872800A3B7005DD933 /* PaymentHistoryScreen.swift in Sources */ = {isa = PBXBuildFile; fileRef = DA7A3D862800A3B7005DD933 /* PaymentHistoryScreen.swift */; };
		DA7A3D892800A3E5005DD933 /* PaymentHistoryScreenViewModel.swift in Sources */ = {isa = PBXBuildFile; fileRef = DA7A3D882800A3E5005DD933 /* PaymentHistoryScreenViewModel.swift */; };
		DA7A3D8B2800A5F8005DD933 /* PaymentHistoryCoordinator.swift in Sources */ = {isa = PBXBuildFile; fileRef = DA7A3D8A2800A5F8005DD933 /* PaymentHistoryCoordinator.swift */; };
		DA7A3D8F2800E035005DD933 /* PaymentHistoryListItemView.swift in Sources */ = {isa = PBXBuildFile; fileRef = DA7A3D8E2800E035005DD933 /* PaymentHistoryListItemView.swift */; };
		DA7A3D912800E03A005DD933 /* PaymentHistoryListItemViewModel.swift in Sources */ = {isa = PBXBuildFile; fileRef = DA7A3D902800E03A005DD933 /* PaymentHistoryListItemViewModel.swift */; };
		DA7A3D9428016AB0005DD933 /* UINavigationController+Extensions.swift in Sources */ = {isa = PBXBuildFile; fileRef = DA7A3D9328016AB0005DD933 /* UINavigationController+Extensions.swift */; };
		DA7A3D9628020C59005DD933 /* String+Extensions.swift in Sources */ = {isa = PBXBuildFile; fileRef = DA7A3D9528020C59005DD933 /* String+Extensions.swift */; };
		DA7A3D9828020F36005DD933 /* Format.strings in Resources */ = {isa = PBXBuildFile; fileRef = DA7A3D9728020F36005DD933 /* Format.strings */; };
		DA7A3DA228021C94005DD933 /* FullScreenModal.swift in Sources */ = {isa = PBXBuildFile; fileRef = DA7A3DA128021C94005DD933 /* FullScreenModal.swift */; };
		DA7A3DA528021D48005DD933 /* PaymentDetailView.swift in Sources */ = {isa = PBXBuildFile; fileRef = DA7A3DA428021D48005DD933 /* PaymentDetailView.swift */; };
		DA7A3DA82802225E005DD933 /* CameraScreen.swift in Sources */ = {isa = PBXBuildFile; fileRef = DA7A3DA72802225E005DD933 /* CameraScreen.swift */; };
		DA7A3DAB280222AB005DD933 /* CameraRepresentable.swift in Sources */ = {isa = PBXBuildFile; fileRef = DA7A3DAA280222AA005DD933 /* CameraRepresentable.swift */; };
		DA7A3DAE28022397005DD933 /* CameraCoordinator.swift in Sources */ = {isa = PBXBuildFile; fileRef = DA7A3DAD28022397005DD933 /* CameraCoordinator.swift */; };
		DAFE44B927FC25AE0050A44F /* Roboto-Medium.ttf in Resources */ = {isa = PBXBuildFile; fileRef = DAFE44B827FC25AE0050A44F /* Roboto-Medium.ttf */; };
		DAFE44BC27FC27860050A44F /* Fonts.swift in Sources */ = {isa = PBXBuildFile; fileRef = DAFE44BB27FC27860050A44F /* Fonts.swift */; };
		DAFE44C027FC2B270050A44F /* Spaces.swift in Sources */ = {isa = PBXBuildFile; fileRef = DAFE44BF27FC2B270050A44F /* Spaces.swift */; };
		DAFE44C227FC2B7E0050A44F /* CornerRadiuses.swift in Sources */ = {isa = PBXBuildFile; fileRef = DAFE44C127FC2B7E0050A44F /* CornerRadiuses.swift */; };
		DAFE44C427FC2BBC0050A44F /* DefaultValues.swift in Sources */ = {isa = PBXBuildFile; fileRef = DAFE44C327FC2BBC0050A44F /* DefaultValues.swift */; };
		DAFE44C827FC2D140050A44F /* Symbols.swift in Sources */ = {isa = PBXBuildFile; fileRef = DAFE44C727FC2D140050A44F /* Symbols.swift */; };
		DAFE44CD27FC31B40050A44F /* AmountInputView.swift in Sources */ = {isa = PBXBuildFile; fileRef = DAFE44CC27FC31B40050A44F /* AmountInputView.swift */; };
		DAFE44CF27FC59E50050A44F /* AmountInputViewModel.swift in Sources */ = {isa = PBXBuildFile; fileRef = DAFE44CE27FC59E50050A44F /* AmountInputViewModel.swift */; };
		DAFE44D127FC5ADF0050A44F /* FrameSizes.swift in Sources */ = {isa = PBXBuildFile; fileRef = DAFE44D027FC5ADF0050A44F /* FrameSizes.swift */; };
		DAFE44D327FCCD1E0050A44F /* HomeScreenViewModel.swift in Sources */ = {isa = PBXBuildFile; fileRef = DAFE44D227FCCD1E0050A44F /* HomeScreenViewModel.swift */; };
		DAFE44D727FCD2900050A44F /* StepperView.swift in Sources */ = {isa = PBXBuildFile; fileRef = DAFE44D627FCD2900050A44F /* StepperView.swift */; };
		DAFE44DA27FCD5750050A44F /* AmoutInputViewStyle.swift in Sources */ = {isa = PBXBuildFile; fileRef = DAFE44D927FCD5750050A44F /* AmoutInputViewStyle.swift */; };
		DAFE44DC27FCD5FC0050A44F /* MainAmountInputViewStyle.swift in Sources */ = {isa = PBXBuildFile; fileRef = DAFE44DB27FCD5FC0050A44F /* MainAmountInputViewStyle.swift */; };
		DAFE44DE27FCD6240050A44F /* TipAmountInputViewStyle.swift in Sources */ = {isa = PBXBuildFile; fileRef = DAFE44DD27FCD6240050A44F /* TipAmountInputViewStyle.swift */; };
		DAFE44E227FCD6920050A44F /* View+Hidden.swift in Sources */ = {isa = PBXBuildFile; fileRef = DAFE44E127FCD6920050A44F /* View+Hidden.swift */; };
		DAFE44E427FCEBC90050A44F /* StepperViewModel.swift in Sources */ = {isa = PBXBuildFile; fileRef = DAFE44E327FCEBC90050A44F /* StepperViewModel.swift */; };
		DAFE44E627FCEC970050A44F /* Int+Extensions.swift in Sources */ = {isa = PBXBuildFile; fileRef = DAFE44E527FCEC970050A44F /* Int+Extensions.swift */; };
		DAFE44EC27FD8D600050A44F /* HorizontalListItemView.swift in Sources */ = {isa = PBXBuildFile; fileRef = DAFE44EB27FD8D600050A44F /* HorizontalListItemView.swift */; };
		DAFE44EE27FD8E490050A44F /* HorizontalListItemViewModel.swift in Sources */ = {isa = PBXBuildFile; fileRef = DAFE44ED27FD8E490050A44F /* HorizontalListItemViewModel.swift */; };
		DAFE44F327FD8F580050A44F /* SmallHorizontalListItemViewStyle.swift in Sources */ = {isa = PBXBuildFile; fileRef = DAFE44F227FD8F580050A44F /* SmallHorizontalListItemViewStyle.swift */; };
		DAFE44F727FD8F730050A44F /* HorizontalListItemViewStyle.swift in Sources */ = {isa = PBXBuildFile; fileRef = DAFE44F627FD8F730050A44F /* HorizontalListItemViewStyle.swift */; };
		DAFE44F927FD8FA00050A44F /* Colors.swift in Sources */ = {isa = PBXBuildFile; fileRef = DAFE44F827FD8FA00050A44F /* Colors.swift */; };
		DAFE44FB27FD92140050A44F /* LinearGradients.swift in Sources */ = {isa = PBXBuildFile; fileRef = DAFE44FA27FD92140050A44F /* LinearGradients.swift */; };
		FE86E8DB7F90F35DAB37995A /* Pods_TipJarTests.framework in Frameworks */ = {isa = PBXBuildFile; fileRef = E87E0A3A46543405C0C00951 /* Pods_TipJarTests.framework */; };
/* End PBXBuildFile section */

/* Begin PBXContainerItemProxy section */
		6C51DC2727B6177000E54296 /* PBXContainerItemProxy */ = {
			isa = PBXContainerItemProxy;
			containerPortal = 6C51DC0E27B6176F00E54296 /* Project object */;
			proxyType = 1;
			remoteGlobalIDString = 6C51DC1527B6176F00E54296;
			remoteInfo = TipJar;
		};
		6C51DC3127B6177000E54296 /* PBXContainerItemProxy */ = {
			isa = PBXContainerItemProxy;
			containerPortal = 6C51DC0E27B6176F00E54296 /* Project object */;
			proxyType = 1;
			remoteGlobalIDString = 6C51DC1527B6176F00E54296;
			remoteInfo = TipJar;
		};
/* End PBXContainerItemProxy section */

/* Begin PBXFileReference section */
		012EA2E38BEB87137FABC57C /* Pods-TipJar-TipJarUITests.release.xcconfig */ = {isa = PBXFileReference; includeInIndex = 1; lastKnownFileType = text.xcconfig; name = "Pods-TipJar-TipJarUITests.release.xcconfig"; path = "Target Support Files/Pods-TipJar-TipJarUITests/Pods-TipJar-TipJarUITests.release.xcconfig"; sourceTree = "<group>"; };
		2C5419886C60FF8E07EC1503 /* Pods-TipJarTests.debug.xcconfig */ = {isa = PBXFileReference; includeInIndex = 1; lastKnownFileType = text.xcconfig; name = "Pods-TipJarTests.debug.xcconfig"; path = "Target Support Files/Pods-TipJarTests/Pods-TipJarTests.debug.xcconfig"; sourceTree = "<group>"; };
		2D2E67C08770B31F83530554 /* Pods-TipJar.release.xcconfig */ = {isa = PBXFileReference; includeInIndex = 1; lastKnownFileType = text.xcconfig; name = "Pods-TipJar.release.xcconfig"; path = "Target Support Files/Pods-TipJar/Pods-TipJar.release.xcconfig"; sourceTree = "<group>"; };
		3AC7CB1F16F284C7C7B5ECC3 /* Pods-TipJar-TipJarUITests.debug.xcconfig */ = {isa = PBXFileReference; includeInIndex = 1; lastKnownFileType = text.xcconfig; name = "Pods-TipJar-TipJarUITests.debug.xcconfig"; path = "Target Support Files/Pods-TipJar-TipJarUITests/Pods-TipJar-TipJarUITests.debug.xcconfig"; sourceTree = "<group>"; };
		6C51DC1627B6176F00E54296 /* TipJar.app */ = {isa = PBXFileReference; explicitFileType = wrapper.application; includeInIndex = 0; path = TipJar.app; sourceTree = BUILT_PRODUCTS_DIR; };
		6C51DC1927B6176F00E54296 /* TipJarApp.swift */ = {isa = PBXFileReference; lastKnownFileType = sourcecode.swift; path = TipJarApp.swift; sourceTree = "<group>"; };
		6C51DC1D27B6177000E54296 /* Assets.xcassets */ = {isa = PBXFileReference; lastKnownFileType = folder.assetcatalog; path = Assets.xcassets; sourceTree = "<group>"; };
		6C51DC2027B6177000E54296 /* Preview Assets.xcassets */ = {isa = PBXFileReference; lastKnownFileType = folder.assetcatalog; path = "Preview Assets.xcassets"; sourceTree = "<group>"; };
		6C51DC2627B6177000E54296 /* TipJarTests.xctest */ = {isa = PBXFileReference; explicitFileType = wrapper.cfbundle; includeInIndex = 0; path = TipJarTests.xctest; sourceTree = BUILT_PRODUCTS_DIR; };
		6C51DC2A27B6177000E54296 /* TipJarTests.swift */ = {isa = PBXFileReference; lastKnownFileType = sourcecode.swift; path = TipJarTests.swift; sourceTree = "<group>"; };
		6C51DC3027B6177000E54296 /* TipJarUITests.xctest */ = {isa = PBXFileReference; explicitFileType = wrapper.cfbundle; includeInIndex = 0; path = TipJarUITests.xctest; sourceTree = BUILT_PRODUCTS_DIR; };
		6C51DC3427B6177000E54296 /* TipJarUITests.swift */ = {isa = PBXFileReference; lastKnownFileType = sourcecode.swift; path = TipJarUITests.swift; sourceTree = "<group>"; };
		6C51DC3627B6177000E54296 /* TipJarUITestsLaunchTests.swift */ = {isa = PBXFileReference; lastKnownFileType = sourcecode.swift; path = TipJarUITestsLaunchTests.swift; sourceTree = "<group>"; };
		6C51DC4327B617DD00E54296 /* README.md */ = {isa = PBXFileReference; fileEncoding = 4; lastKnownFileType = net.daringfireball.markdown; path = README.md; sourceTree = "<group>"; };
		70F4D91C93FE8913824257C8 /* Pods-TipJar.debug.xcconfig */ = {isa = PBXFileReference; includeInIndex = 1; lastKnownFileType = text.xcconfig; name = "Pods-TipJar.debug.xcconfig"; path = "Target Support Files/Pods-TipJar/Pods-TipJar.debug.xcconfig"; sourceTree = "<group>"; };
		AF56281BA049498BA8217E31 /* Pods_TipJar_TipJarUITests.framework */ = {isa = PBXFileReference; explicitFileType = wrapper.framework; includeInIndex = 0; path = Pods_TipJar_TipJarUITests.framework; sourceTree = BUILT_PRODUCTS_DIR; };
		BD683361B7F684B37E1E762C /* Pods_TipJar.framework */ = {isa = PBXFileReference; explicitFileType = wrapper.framework; includeInIndex = 0; path = Pods_TipJar.framework; sourceTree = BUILT_PRODUCTS_DIR; };
		DA17678E2803487200493A8F /* CameraRepresentableViewModel.swift */ = {isa = PBXFileReference; lastKnownFileType = sourcecode.swift; path = CameraRepresentableViewModel.swift; sourceTree = "<group>"; };
		DA7A3D4827FDFBBB005DD933 /* R.generated.swift */ = {isa = PBXFileReference; fileEncoding = 4; lastKnownFileType = sourcecode.swift; path = R.generated.swift; sourceTree = SOURCE_ROOT; };
		DA7A3D4A27FDFC22005DD933 /* Placeholder.strings */ = {isa = PBXFileReference; lastKnownFileType = text.plist.strings; path = Placeholder.strings; sourceTree = "<group>"; };
		DA7A3D4E27FDFC4B005DD933 /* Title.strings */ = {isa = PBXFileReference; lastKnownFileType = text.plist.strings; path = Title.strings; sourceTree = "<group>"; };
		DA7A3D5227FDFCA9005DD933 /* Field.strings */ = {isa = PBXFileReference; lastKnownFileType = text.plist.strings; path = Field.strings; sourceTree = "<group>"; };
		DA7A3D5427FDFDC2005DD933 /* Button.strings */ = {isa = PBXFileReference; lastKnownFileType = text.plist.strings; path = Button.strings; sourceTree = "<group>"; };
		DA7A3D5727FE09E2005DD933 /* NavigationBarView.swift */ = {isa = PBXFileReference; lastKnownFileType = sourcecode.swift; path = NavigationBarView.swift; sourceTree = "<group>"; };
		DA7A3D5A27FE0B32005DD933 /* CheckmarkView.swift */ = {isa = PBXFileReference; lastKnownFileType = sourcecode.swift; path = CheckmarkView.swift; sourceTree = "<group>"; };
		DA7A3D5C27FE0D11005DD933 /* CheckmarkViewModel.swift */ = {isa = PBXFileReference; lastKnownFileType = sourcecode.swift; path = CheckmarkViewModel.swift; sourceTree = "<group>"; };
		DA7A3D5E27FE10B3005DD933 /* MediumHorizontalListItemViewStyle.swift */ = {isa = PBXFileReference; lastKnownFileType = sourcecode.swift; path = MediumHorizontalListItemViewStyle.swift; sourceTree = "<group>"; };
		DA7A3D6027FE13ED005DD933 /* AppDelegate.swift */ = {isa = PBXFileReference; lastKnownFileType = sourcecode.swift; path = AppDelegate.swift; sourceTree = "<group>"; };
		DA7A3D6327FEE5E9005DD933 /* Screen.swift */ = {isa = PBXFileReference; lastKnownFileType = sourcecode.swift; path = Screen.swift; sourceTree = "<group>"; };
		DA7A3D6A27FEEA11005DD933 /* ScreenContent.swift */ = {isa = PBXFileReference; lastKnownFileType = sourcecode.swift; path = ScreenContent.swift; sourceTree = "<group>"; };
		DA7A3D6C27FEEB66005DD933 /* ScreenViewModel.swift */ = {isa = PBXFileReference; lastKnownFileType = sourcecode.swift; path = ScreenViewModel.swift; sourceTree = "<group>"; };
		DA7A3D6E27FEEC33005DD933 /* Hashable+Extensions.swift */ = {isa = PBXFileReference; lastKnownFileType = sourcecode.swift; path = "Hashable+Extensions.swift"; sourceTree = "<group>"; };
		DA7A3D7027FEEC51005DD933 /* Double+Extensions.swift */ = {isa = PBXFileReference; lastKnownFileType = sourcecode.swift; name = "Double+Extensions.swift"; path = "../../../../../Double+Extensions.swift"; sourceTree = "<group>"; };
		DA7A3D7228002899005DD933 /* NavigationBarViewModel.swift */ = {isa = PBXFileReference; lastKnownFileType = sourcecode.swift; path = NavigationBarViewModel.swift; sourceTree = "<group>"; };
		DA7A3D75280028D4005DD933 /* ButtonView.swift */ = {isa = PBXFileReference; lastKnownFileType = sourcecode.swift; path = ButtonView.swift; sourceTree = "<group>"; };
		DA7A3D772800290A005DD933 /* ButtonViewModel.swift */ = {isa = PBXFileReference; lastKnownFileType = sourcecode.swift; path = ButtonViewModel.swift; sourceTree = "<group>"; };
		DA7A3D7928002937005DD933 /* Typealiases.swift */ = {isa = PBXFileReference; lastKnownFileType = sourcecode.swift; path = Typealiases.swift; sourceTree = "<group>"; };
		DA7A3D7B28002C3F005DD933 /* View+Name.swift */ = {isa = PBXFileReference; lastKnownFileType = sourcecode.swift; path = "View+Name.swift"; sourceTree = "<group>"; };
		DA7A3D7E28003238005DD933 /* HomeScreen.swift */ = {isa = PBXFileReference; lastKnownFileType = sourcecode.swift; path = HomeScreen.swift; sourceTree = "<group>"; };
		DA7A3D8328003362005DD933 /* HomeCoordinator.swift */ = {isa = PBXFileReference; lastKnownFileType = sourcecode.swift; path = HomeCoordinator.swift; sourceTree = "<group>"; };
		DA7A3D862800A3B7005DD933 /* PaymentHistoryScreen.swift */ = {isa = PBXFileReference; lastKnownFileType = sourcecode.swift; name = PaymentHistoryScreen.swift; path = "../../../../../../Library/Mobile Documents/com~apple~CloudDocs/PaymentHistoryScreen.swift"; sourceTree = "<group>"; };
		DA7A3D882800A3E5005DD933 /* PaymentHistoryScreenViewModel.swift */ = {isa = PBXFileReference; lastKnownFileType = sourcecode.swift; path = PaymentHistoryScreenViewModel.swift; sourceTree = "<group>"; };
		DA7A3D8A2800A5F8005DD933 /* PaymentHistoryCoordinator.swift */ = {isa = PBXFileReference; lastKnownFileType = sourcecode.swift; path = PaymentHistoryCoordinator.swift; sourceTree = "<group>"; };
		DA7A3D8E2800E035005DD933 /* PaymentHistoryListItemView.swift */ = {isa = PBXFileReference; lastKnownFileType = sourcecode.swift; path = PaymentHistoryListItemView.swift; sourceTree = "<group>"; };
		DA7A3D902800E03A005DD933 /* PaymentHistoryListItemViewModel.swift */ = {isa = PBXFileReference; lastKnownFileType = sourcecode.swift; path = PaymentHistoryListItemViewModel.swift; sourceTree = "<group>"; };
		DA7A3D9328016AB0005DD933 /* UINavigationController+Extensions.swift */ = {isa = PBXFileReference; lastKnownFileType = sourcecode.swift; path = "UINavigationController+Extensions.swift"; sourceTree = "<group>"; };
		DA7A3D9528020C59005DD933 /* String+Extensions.swift */ = {isa = PBXFileReference; lastKnownFileType = sourcecode.swift; path = "String+Extensions.swift"; sourceTree = "<group>"; };
		DA7A3D9728020F36005DD933 /* Format.strings */ = {isa = PBXFileReference; lastKnownFileType = text.plist.strings; path = Format.strings; sourceTree = "<group>"; };
		DA7A3DA128021C94005DD933 /* FullScreenModal.swift */ = {isa = PBXFileReference; fileEncoding = 4; lastKnownFileType = sourcecode.swift; path = FullScreenModal.swift; sourceTree = "<group>"; };
		DA7A3DA428021D48005DD933 /* PaymentDetailView.swift */ = {isa = PBXFileReference; lastKnownFileType = sourcecode.swift; path = PaymentDetailView.swift; sourceTree = "<group>"; };
		DA7A3DA72802225E005DD933 /* CameraScreen.swift */ = {isa = PBXFileReference; lastKnownFileType = sourcecode.swift; path = CameraScreen.swift; sourceTree = "<group>"; };
		DA7A3DAA280222AA005DD933 /* CameraRepresentable.swift */ = {isa = PBXFileReference; lastKnownFileType = sourcecode.swift; path = CameraRepresentable.swift; sourceTree = "<group>"; };
		DA7A3DAD28022397005DD933 /* CameraCoordinator.swift */ = {isa = PBXFileReference; lastKnownFileType = sourcecode.swift; path = CameraCoordinator.swift; sourceTree = "<group>"; };
		DAFE44B527FC23850050A44F /* Info.plist */ = {isa = PBXFileReference; lastKnownFileType = text.plist.xml; path = Info.plist; sourceTree = "<group>"; };
		DAFE44B827FC25AE0050A44F /* Roboto-Medium.ttf */ = {isa = PBXFileReference; lastKnownFileType = file; path = "Roboto-Medium.ttf"; sourceTree = "<group>"; };
		DAFE44BB27FC27860050A44F /* Fonts.swift */ = {isa = PBXFileReference; lastKnownFileType = sourcecode.swift; path = Fonts.swift; sourceTree = "<group>"; };
		DAFE44BF27FC2B270050A44F /* Spaces.swift */ = {isa = PBXFileReference; lastKnownFileType = sourcecode.swift; path = Spaces.swift; sourceTree = "<group>"; };
		DAFE44C127FC2B7E0050A44F /* CornerRadiuses.swift */ = {isa = PBXFileReference; lastKnownFileType = sourcecode.swift; path = CornerRadiuses.swift; sourceTree = "<group>"; };
		DAFE44C327FC2BBC0050A44F /* DefaultValues.swift */ = {isa = PBXFileReference; lastKnownFileType = sourcecode.swift; path = DefaultValues.swift; sourceTree = "<group>"; };
		DAFE44C727FC2D140050A44F /* Symbols.swift */ = {isa = PBXFileReference; lastKnownFileType = sourcecode.swift; path = Symbols.swift; sourceTree = "<group>"; };
		DAFE44CC27FC31B40050A44F /* AmountInputView.swift */ = {isa = PBXFileReference; lastKnownFileType = sourcecode.swift; path = AmountInputView.swift; sourceTree = "<group>"; };
		DAFE44CE27FC59E50050A44F /* AmountInputViewModel.swift */ = {isa = PBXFileReference; lastKnownFileType = sourcecode.swift; path = AmountInputViewModel.swift; sourceTree = "<group>"; };
		DAFE44D027FC5ADF0050A44F /* FrameSizes.swift */ = {isa = PBXFileReference; lastKnownFileType = sourcecode.swift; path = FrameSizes.swift; sourceTree = "<group>"; };
		DAFE44D227FCCD1E0050A44F /* HomeScreenViewModel.swift */ = {isa = PBXFileReference; lastKnownFileType = sourcecode.swift; path = HomeScreenViewModel.swift; sourceTree = "<group>"; };
		DAFE44D627FCD2900050A44F /* StepperView.swift */ = {isa = PBXFileReference; lastKnownFileType = sourcecode.swift; path = StepperView.swift; sourceTree = "<group>"; };
		DAFE44D927FCD5750050A44F /* AmoutInputViewStyle.swift */ = {isa = PBXFileReference; lastKnownFileType = sourcecode.swift; path = AmoutInputViewStyle.swift; sourceTree = "<group>"; };
		DAFE44DB27FCD5FC0050A44F /* MainAmountInputViewStyle.swift */ = {isa = PBXFileReference; lastKnownFileType = sourcecode.swift; path = MainAmountInputViewStyle.swift; sourceTree = "<group>"; };
		DAFE44DD27FCD6240050A44F /* TipAmountInputViewStyle.swift */ = {isa = PBXFileReference; lastKnownFileType = sourcecode.swift; path = TipAmountInputViewStyle.swift; sourceTree = "<group>"; };
		DAFE44E127FCD6920050A44F /* View+Hidden.swift */ = {isa = PBXFileReference; lastKnownFileType = sourcecode.swift; path = "View+Hidden.swift"; sourceTree = "<group>"; };
		DAFE44E327FCEBC90050A44F /* StepperViewModel.swift */ = {isa = PBXFileReference; lastKnownFileType = sourcecode.swift; path = StepperViewModel.swift; sourceTree = "<group>"; };
		DAFE44E527FCEC970050A44F /* Int+Extensions.swift */ = {isa = PBXFileReference; lastKnownFileType = sourcecode.swift; path = "Int+Extensions.swift"; sourceTree = "<group>"; };
		DAFE44EB27FD8D600050A44F /* HorizontalListItemView.swift */ = {isa = PBXFileReference; lastKnownFileType = sourcecode.swift; path = HorizontalListItemView.swift; sourceTree = "<group>"; };
		DAFE44ED27FD8E490050A44F /* HorizontalListItemViewModel.swift */ = {isa = PBXFileReference; lastKnownFileType = sourcecode.swift; path = HorizontalListItemViewModel.swift; sourceTree = "<group>"; };
		DAFE44F227FD8F580050A44F /* SmallHorizontalListItemViewStyle.swift */ = {isa = PBXFileReference; lastKnownFileType = sourcecode.swift; path = SmallHorizontalListItemViewStyle.swift; sourceTree = "<group>"; };
		DAFE44F627FD8F730050A44F /* HorizontalListItemViewStyle.swift */ = {isa = PBXFileReference; fileEncoding = 4; lastKnownFileType = sourcecode.swift; path = HorizontalListItemViewStyle.swift; sourceTree = "<group>"; };
		DAFE44F827FD8FA00050A44F /* Colors.swift */ = {isa = PBXFileReference; fileEncoding = 4; lastKnownFileType = sourcecode.swift; path = Colors.swift; sourceTree = "<group>"; };
		DAFE44FA27FD92140050A44F /* LinearGradients.swift */ = {isa = PBXFileReference; lastKnownFileType = sourcecode.swift; path = LinearGradients.swift; sourceTree = "<group>"; };
		E87E0A3A46543405C0C00951 /* Pods_TipJarTests.framework */ = {isa = PBXFileReference; explicitFileType = wrapper.framework; includeInIndex = 0; path = Pods_TipJarTests.framework; sourceTree = BUILT_PRODUCTS_DIR; };
		EC083C2C81E0623A39D1EF1B /* Pods-TipJarTests.release.xcconfig */ = {isa = PBXFileReference; includeInIndex = 1; lastKnownFileType = text.xcconfig; name = "Pods-TipJarTests.release.xcconfig"; path = "Target Support Files/Pods-TipJarTests/Pods-TipJarTests.release.xcconfig"; sourceTree = "<group>"; };
/* End PBXFileReference section */

/* Begin PBXFrameworksBuildPhase section */
		6C51DC1327B6176F00E54296 /* Frameworks */ = {
			isa = PBXFrameworksBuildPhase;
			buildActionMask = 2147483647;
			files = (
				ACFF2547DA9D049DCA0A42E6 /* Pods_TipJar.framework in Frameworks */,
			);
			runOnlyForDeploymentPostprocessing = 0;
		};
		6C51DC2327B6177000E54296 /* Frameworks */ = {
			isa = PBXFrameworksBuildPhase;
			buildActionMask = 2147483647;
			files = (
				FE86E8DB7F90F35DAB37995A /* Pods_TipJarTests.framework in Frameworks */,
			);
			runOnlyForDeploymentPostprocessing = 0;
		};
		6C51DC2D27B6177000E54296 /* Frameworks */ = {
			isa = PBXFrameworksBuildPhase;
			buildActionMask = 2147483647;
			files = (
				573DE1D4E1B354FA734B059D /* Pods_TipJar_TipJarUITests.framework in Frameworks */,
			);
			runOnlyForDeploymentPostprocessing = 0;
		};
/* End PBXFrameworksBuildPhase section */

/* Begin PBXGroup section */
		5541F6826BD5DD15815ED7C6 /* Frameworks */ = {
			isa = PBXGroup;
			children = (
				BD683361B7F684B37E1E762C /* Pods_TipJar.framework */,
				AF56281BA049498BA8217E31 /* Pods_TipJar_TipJarUITests.framework */,
				E87E0A3A46543405C0C00951 /* Pods_TipJarTests.framework */,
			);
			name = Frameworks;
			sourceTree = "<group>";
		};
		6C51DC0D27B6176F00E54296 = {
			isa = PBXGroup;
			children = (
				6C51DC4327B617DD00E54296 /* README.md */,
				6C51DC1827B6176F00E54296 /* TipJar */,
				6C51DC2927B6177000E54296 /* TipJarTests */,
				6C51DC3327B6177000E54296 /* TipJarUITests */,
				6C51DC1727B6176F00E54296 /* Products */,
				93619C215A474F12543CE383 /* Pods */,
				5541F6826BD5DD15815ED7C6 /* Frameworks */,
			);
			sourceTree = "<group>";
		};
		6C51DC1727B6176F00E54296 /* Products */ = {
			isa = PBXGroup;
			children = (
				6C51DC1627B6176F00E54296 /* TipJar.app */,
				6C51DC2627B6177000E54296 /* TipJarTests.xctest */,
				6C51DC3027B6177000E54296 /* TipJarUITests.xctest */,
			);
			name = Products;
			sourceTree = "<group>";
		};
		6C51DC1827B6176F00E54296 /* TipJar */ = {
			isa = PBXGroup;
			children = (
				DAFE44B527FC23850050A44F /* Info.plist */,
				DA7A3D6027FE13ED005DD933 /* AppDelegate.swift */,
				DA7A3D4827FDFBBB005DD933 /* R.generated.swift */,
				6C51DC1927B6176F00E54296 /* TipJarApp.swift */,
				DAFE44B627FC25910050A44F /* Assets */,
				DA7A3D802800331C005DD933 /* Base */,
				DAFE44CA27FC31A30050A44F /* Components */,
				DAFE44BA27FC277B0050A44F /* Constants */,
				DA7A3D992802140F005DD933 /* Containers */,
				DAFE44D427FCD24E0050A44F /* Copywritings */,
				6C51DC1F27B6177000E54296 /* Preview Content */,
				DAFE44C527FC2CB20050A44F /* Screens */,
				DAFE44DF27FCD6800050A44F /* Utils */,
			);
			path = TipJar;
			sourceTree = "<group>";
		};
		6C51DC1F27B6177000E54296 /* Preview Content */ = {
			isa = PBXGroup;
			children = (
				6C51DC2027B6177000E54296 /* Preview Assets.xcassets */,
			);
			path = "Preview Content";
			sourceTree = "<group>";
		};
		6C51DC2927B6177000E54296 /* TipJarTests */ = {
			isa = PBXGroup;
			children = (
				6C51DC2A27B6177000E54296 /* TipJarTests.swift */,
			);
			path = TipJarTests;
			sourceTree = "<group>";
		};
		6C51DC3327B6177000E54296 /* TipJarUITests */ = {
			isa = PBXGroup;
			children = (
				6C51DC3427B6177000E54296 /* TipJarUITests.swift */,
				6C51DC3627B6177000E54296 /* TipJarUITestsLaunchTests.swift */,
			);
			path = TipJarUITests;
			sourceTree = "<group>";
		};
		93619C215A474F12543CE383 /* Pods */ = {
			isa = PBXGroup;
			children = (
				70F4D91C93FE8913824257C8 /* Pods-TipJar.debug.xcconfig */,
				2D2E67C08770B31F83530554 /* Pods-TipJar.release.xcconfig */,
				3AC7CB1F16F284C7C7B5ECC3 /* Pods-TipJar-TipJarUITests.debug.xcconfig */,
				012EA2E38BEB87137FABC57C /* Pods-TipJar-TipJarUITests.release.xcconfig */,
				2C5419886C60FF8E07EC1503 /* Pods-TipJarTests.debug.xcconfig */,
				EC083C2C81E0623A39D1EF1B /* Pods-TipJarTests.release.xcconfig */,
			);
			path = Pods;
			sourceTree = "<group>";
		};
		DA7A3D5627FE09D7005DD933 /* NavigationBar */ = {
			isa = PBXGroup;
			children = (
				DA7A3D5727FE09E2005DD933 /* NavigationBarView.swift */,
				DA7A3D7228002899005DD933 /* NavigationBarViewModel.swift */,
			);
			path = NavigationBar;
			sourceTree = "<group>";
		};
		DA7A3D5927FE0B25005DD933 /* CheckmarkView */ = {
			isa = PBXGroup;
			children = (
				DA7A3D5A27FE0B32005DD933 /* CheckmarkView.swift */,
				DA7A3D5C27FE0D11005DD933 /* CheckmarkViewModel.swift */,
			);
			path = CheckmarkView;
			sourceTree = "<group>";
		};
		DA7A3D6227FE16AA005DD933 /* Screen */ = {
			isa = PBXGroup;
			children = (
				DA7A3D6327FEE5E9005DD933 /* Screen.swift */,
				DA7A3D6A27FEEA11005DD933 /* ScreenContent.swift */,
				DA7A3D6C27FEEB66005DD933 /* ScreenViewModel.swift */,
			);
			path = Screen;
			sourceTree = "<group>";
		};
		DA7A3D74280028C9005DD933 /* ButtonView */ = {
			isa = PBXGroup;
			children = (
				DA7A3D75280028D4005DD933 /* ButtonView.swift */,
				DA7A3D772800290A005DD933 /* ButtonViewModel.swift */,
			);
			path = ButtonView;
			sourceTree = "<group>";
		};
		DA7A3D7D2800322C005DD933 /* HomeScreen */ = {
			isa = PBXGroup;
			children = (
				DAFE44D227FCCD1E0050A44F /* HomeScreenViewModel.swift */,
				DA7A3D7E28003238005DD933 /* HomeScreen.swift */,
				DA7A3D8328003362005DD933 /* HomeCoordinator.swift */,
			);
			path = HomeScreen;
			sourceTree = "<group>";
		};
		DA7A3D802800331C005DD933 /* Base */ = {
			isa = PBXGroup;
			children = (
				DA7A3D6227FE16AA005DD933 /* Screen */,
			);
			path = Base;
			sourceTree = "<group>";
		};
		DA7A3D852800A3A5005DD933 /* PaymentHistoryScreen */ = {
			isa = PBXGroup;
			children = (
				DA7A3D862800A3B7005DD933 /* PaymentHistoryScreen.swift */,
				DA7A3D882800A3E5005DD933 /* PaymentHistoryScreenViewModel.swift */,
				DA7A3D8A2800A5F8005DD933 /* PaymentHistoryCoordinator.swift */,
			);
			path = PaymentHistoryScreen;
			sourceTree = "<group>";
		};
		DA7A3D8C2800E018005DD933 /* ListItemViews */ = {
			isa = PBXGroup;
			children = (
				DA7A3D8D2800E020005DD933 /* PaymentHistoryListItemView */,
				DAFE44EA27FD8D460050A44F /* HorizontalListItemView */,
			);
			path = ListItemViews;
			sourceTree = "<group>";
		};
		DA7A3D8D2800E020005DD933 /* PaymentHistoryListItemView */ = {
			isa = PBXGroup;
			children = (
				DA7A3D8E2800E035005DD933 /* PaymentHistoryListItemView.swift */,
				DA7A3D902800E03A005DD933 /* PaymentHistoryListItemViewModel.swift */,
			);
			path = PaymentHistoryListItemView;
			sourceTree = "<group>";
		};
		DA7A3D992802140F005DD933 /* Containers */ = {
			isa = PBXGroup;
			children = (
				DA7A3DA028021C8D005DD933 /* FullScreenModal */,
				DA7A3D5627FE09D7005DD933 /* NavigationBar */,
			);
			path = Containers;
			sourceTree = "<group>";
		};
		DA7A3DA028021C8D005DD933 /* FullScreenModal */ = {
			isa = PBXGroup;
			children = (
				DA7A3DA128021C94005DD933 /* FullScreenModal.swift */,
			);
			path = FullScreenModal;
			sourceTree = "<group>";
		};
		DA7A3DA328021D37005DD933 /* PaymentDetailView */ = {
			isa = PBXGroup;
			children = (
				DA7A3DA428021D48005DD933 /* PaymentDetailView.swift */,
			);
			path = PaymentDetailView;
			sourceTree = "<group>";
		};
		DA7A3DA628022241005DD933 /* CameraScreen */ = {
			isa = PBXGroup;
			children = (
				DA7A3DA72802225E005DD933 /* CameraScreen.swift */,
				DA7A3DAD28022397005DD933 /* CameraCoordinator.swift */,
			);
			path = CameraScreen;
			sourceTree = "<group>";
		};
		DA7A3DA92802228A005DD933 /* ControllerRepresentables */ = {
			isa = PBXGroup;
			children = (
				DA7A3DAC280222B5005DD933 /* CameraRepresentable */,
			);
			path = ControllerRepresentables;
			sourceTree = "<group>";
		};
		DA7A3DAC280222B5005DD933 /* CameraRepresentable */ = {
			isa = PBXGroup;
			children = (
				DA7A3DAA280222AA005DD933 /* CameraRepresentable.swift */,
				DA17678E2803487200493A8F /* CameraRepresentableViewModel.swift */,
			);
			path = CameraRepresentable;
			sourceTree = "<group>";
		};
		DAFE44B627FC25910050A44F /* Assets */ = {
			isa = PBXGroup;
			children = (
				DAFE44B727FC25A10050A44F /* Fonts */,
				6C51DC1D27B6177000E54296 /* Assets.xcassets */,
			);
			path = Assets;
			sourceTree = "<group>";
		};
		DAFE44B727FC25A10050A44F /* Fonts */ = {
			isa = PBXGroup;
			children = (
				DAFE44B827FC25AE0050A44F /* Roboto-Medium.ttf */,
			);
			path = Fonts;
			sourceTree = "<group>";
		};
		DAFE44BA27FC277B0050A44F /* Constants */ = {
			isa = PBXGroup;
			children = (
				DAFE44F827FD8FA00050A44F /* Colors.swift */,
				DAFE44FA27FD92140050A44F /* LinearGradients.swift */,
				DAFE44BB27FC27860050A44F /* Fonts.swift */,
				DAFE44BF27FC2B270050A44F /* Spaces.swift */,
				DAFE44C127FC2B7E0050A44F /* CornerRadiuses.swift */,
				DAFE44C327FC2BBC0050A44F /* DefaultValues.swift */,
				DAFE44C727FC2D140050A44F /* Symbols.swift */,
				DAFE44D027FC5ADF0050A44F /* FrameSizes.swift */,
				DA7A3D7928002937005DD933 /* Typealiases.swift */,
			);
			path = Constants;
			sourceTree = "<group>";
		};
		DAFE44C527FC2CB20050A44F /* Screens */ = {
			isa = PBXGroup;
			children = (
				DA7A3DA628022241005DD933 /* CameraScreen */,
				DA7A3D852800A3A5005DD933 /* PaymentHistoryScreen */,
				DA7A3D7D2800322C005DD933 /* HomeScreen */,
			);
			path = Screens;
			sourceTree = "<group>";
		};
		DAFE44CA27FC31A30050A44F /* Components */ = {
			isa = PBXGroup;
			children = (
				DA7A3DA92802228A005DD933 /* ControllerRepresentables */,
				DA7A3DA328021D37005DD933 /* PaymentDetailView */,
				DA7A3D8C2800E018005DD933 /* ListItemViews */,
				DA7A3D74280028C9005DD933 /* ButtonView */,
				DA7A3D5927FE0B25005DD933 /* CheckmarkView */,
				DAFE44D527FCD2830050A44F /* StepperView */,
				DAFE44CB27FC31A70050A44F /* AmountInputView */,
			);
			path = Components;
			sourceTree = "<group>";
		};
		DAFE44CB27FC31A70050A44F /* AmountInputView */ = {
			isa = PBXGroup;
			children = (
				DAFE44D827FCD5640050A44F /* Styles */,
				DAFE44CC27FC31B40050A44F /* AmountInputView.swift */,
				DAFE44CE27FC59E50050A44F /* AmountInputViewModel.swift */,
			);
			path = AmountInputView;
			sourceTree = "<group>";
		};
		DAFE44D427FCD24E0050A44F /* Copywritings */ = {
			isa = PBXGroup;
			children = (
				DA7A3D4A27FDFC22005DD933 /* Placeholder.strings */,
				DA7A3D5427FDFDC2005DD933 /* Button.strings */,
				DA7A3D5227FDFCA9005DD933 /* Field.strings */,
				DA7A3D4E27FDFC4B005DD933 /* Title.strings */,
				DA7A3D9728020F36005DD933 /* Format.strings */,
			);
			path = Copywritings;
			sourceTree = "<group>";
		};
		DAFE44D527FCD2830050A44F /* StepperView */ = {
			isa = PBXGroup;
			children = (
				DAFE44D627FCD2900050A44F /* StepperView.swift */,
				DAFE44E327FCEBC90050A44F /* StepperViewModel.swift */,
			);
			path = StepperView;
			sourceTree = "<group>";
		};
		DAFE44D827FCD5640050A44F /* Styles */ = {
			isa = PBXGroup;
			children = (
				DAFE44D927FCD5750050A44F /* AmoutInputViewStyle.swift */,
				DAFE44DB27FCD5FC0050A44F /* MainAmountInputViewStyle.swift */,
				DAFE44DD27FCD6240050A44F /* TipAmountInputViewStyle.swift */,
			);
			path = Styles;
			sourceTree = "<group>";
		};
		DAFE44DF27FCD6800050A44F /* Utils */ = {
			isa = PBXGroup;
			children = (
				DAFE44E027FCD6820050A44F /* Extensions */,
			);
			path = Utils;
			sourceTree = "<group>";
		};
		DAFE44E027FCD6820050A44F /* Extensions */ = {
			isa = PBXGroup;
			children = (
				DAFE44E127FCD6920050A44F /* View+Hidden.swift */,
				DA7A3D7B28002C3F005DD933 /* View+Name.swift */,
				DAFE44E527FCEC970050A44F /* Int+Extensions.swift */,
				DA7A3D7027FEEC51005DD933 /* Double+Extensions.swift */,
				DA7A3D9528020C59005DD933 /* String+Extensions.swift */,
				DA7A3D6E27FEEC33005DD933 /* Hashable+Extensions.swift */,
				DA7A3D9328016AB0005DD933 /* UINavigationController+Extensions.swift */,
			);
			path = Extensions;
			sourceTree = "<group>";
		};
		DAFE44EA27FD8D460050A44F /* HorizontalListItemView */ = {
			isa = PBXGroup;
			children = (
				DAFE44EF27FD8EEA0050A44F /* Styles */,
				DAFE44EB27FD8D600050A44F /* HorizontalListItemView.swift */,
				DAFE44ED27FD8E490050A44F /* HorizontalListItemViewModel.swift */,
			);
			path = HorizontalListItemView;
			sourceTree = "<group>";
		};
		DAFE44EF27FD8EEA0050A44F /* Styles */ = {
			isa = PBXGroup;
			children = (
				DAFE44F627FD8F730050A44F /* HorizontalListItemViewStyle.swift */,
				DAFE44F227FD8F580050A44F /* SmallHorizontalListItemViewStyle.swift */,
				DA7A3D5E27FE10B3005DD933 /* MediumHorizontalListItemViewStyle.swift */,
			);
			path = Styles;
			sourceTree = "<group>";
		};
/* End PBXGroup section */

/* Begin PBXNativeTarget section */
		6C51DC1527B6176F00E54296 /* TipJar */ = {
			isa = PBXNativeTarget;
			buildConfigurationList = 6C51DC3A27B6177000E54296 /* Build configuration list for PBXNativeTarget "TipJar" */;
			buildPhases = (
				5C04788A012965099AF742B1 /* [CP] Check Pods Manifest.lock */,
				DA7A3D4727FDFACD005DD933 /* R.Swift Script */,
				6C51DC1227B6176F00E54296 /* Sources */,
				6C51DC1327B6176F00E54296 /* Frameworks */,
				6C51DC1427B6176F00E54296 /* Resources */,
				C791E344326F6D82D51D3DE6 /* [CP] Embed Pods Frameworks */,
			);
			buildRules = (
			);
			dependencies = (
			);
			name = TipJar;
			productName = TipJar;
			productReference = 6C51DC1627B6176F00E54296 /* TipJar.app */;
			productType = "com.apple.product-type.application";
		};
		6C51DC2527B6177000E54296 /* TipJarTests */ = {
			isa = PBXNativeTarget;
			buildConfigurationList = 6C51DC3D27B6177000E54296 /* Build configuration list for PBXNativeTarget "TipJarTests" */;
			buildPhases = (
				2809B19BDE481B81EAD1E576 /* [CP] Check Pods Manifest.lock */,
				6C51DC2227B6177000E54296 /* Sources */,
				6C51DC2327B6177000E54296 /* Frameworks */,
				6C51DC2427B6177000E54296 /* Resources */,
			);
			buildRules = (
			);
			dependencies = (
				6C51DC2827B6177000E54296 /* PBXTargetDependency */,
			);
			name = TipJarTests;
			productName = TipJarTests;
			productReference = 6C51DC2627B6177000E54296 /* TipJarTests.xctest */;
			productType = "com.apple.product-type.bundle.unit-test";
		};
		6C51DC2F27B6177000E54296 /* TipJarUITests */ = {
			isa = PBXNativeTarget;
			buildConfigurationList = 6C51DC4027B6177000E54296 /* Build configuration list for PBXNativeTarget "TipJarUITests" */;
			buildPhases = (
				D5A8F823A0E33F78DD70AD3B /* [CP] Check Pods Manifest.lock */,
				6C51DC2C27B6177000E54296 /* Sources */,
				6C51DC2D27B6177000E54296 /* Frameworks */,
				6C51DC2E27B6177000E54296 /* Resources */,
				6266566C5B74D5AEEA9803CA /* [CP] Embed Pods Frameworks */,
			);
			buildRules = (
			);
			dependencies = (
				6C51DC3227B6177000E54296 /* PBXTargetDependency */,
			);
			name = TipJarUITests;
			productName = TipJarUITests;
			productReference = 6C51DC3027B6177000E54296 /* TipJarUITests.xctest */;
			productType = "com.apple.product-type.bundle.ui-testing";
		};
/* End PBXNativeTarget section */

/* Begin PBXProject section */
		6C51DC0E27B6176F00E54296 /* Project object */ = {
			isa = PBXProject;
			attributes = {
				BuildIndependentTargetsInParallel = 1;
				LastSwiftUpdateCheck = 1320;
				LastUpgradeCheck = 1320;
				TargetAttributes = {
					6C51DC1527B6176F00E54296 = {
						CreatedOnToolsVersion = 13.2.1;
					};
					6C51DC2527B6177000E54296 = {
						CreatedOnToolsVersion = 13.2.1;
						TestTargetID = 6C51DC1527B6176F00E54296;
					};
					6C51DC2F27B6177000E54296 = {
						CreatedOnToolsVersion = 13.2.1;
						TestTargetID = 6C51DC1527B6176F00E54296;
					};
				};
			};
			buildConfigurationList = 6C51DC1127B6176F00E54296 /* Build configuration list for PBXProject "TipJar" */;
			compatibilityVersion = "Xcode 13.0";
			developmentRegion = en;
			hasScannedForEncodings = 0;
			knownRegions = (
				en,
				Base,
			);
			mainGroup = 6C51DC0D27B6176F00E54296;
			productRefGroup = 6C51DC1727B6176F00E54296 /* Products */;
			projectDirPath = "";
			projectRoot = "";
			targets = (
				6C51DC1527B6176F00E54296 /* TipJar */,
				6C51DC2527B6177000E54296 /* TipJarTests */,
				6C51DC2F27B6177000E54296 /* TipJarUITests */,
			);
		};
/* End PBXProject section */

/* Begin PBXResourcesBuildPhase section */
		6C51DC1427B6176F00E54296 /* Resources */ = {
			isa = PBXResourcesBuildPhase;
			buildActionMask = 2147483647;
			files = (
				DA7A3D4B27FDFC22005DD933 /* Placeholder.strings in Resources */,
				DA7A3D4F27FDFC4B005DD933 /* Title.strings in Resources */,
				DA7A3D5527FDFDC2005DD933 /* Button.strings in Resources */,
				DA7A3D5327FDFCA9005DD933 /* Field.strings in Resources */,
				DAFE44B927FC25AE0050A44F /* Roboto-Medium.ttf in Resources */,
				6C51DC4427B617DD00E54296 /* README.md in Resources */,
				6C51DC2127B6177000E54296 /* Preview Assets.xcassets in Resources */,
				DA7A3D9828020F36005DD933 /* Format.strings in Resources */,
				6C51DC1E27B6177000E54296 /* Assets.xcassets in Resources */,
			);
			runOnlyForDeploymentPostprocessing = 0;
		};
		6C51DC2427B6177000E54296 /* Resources */ = {
			isa = PBXResourcesBuildPhase;
			buildActionMask = 2147483647;
			files = (
			);
			runOnlyForDeploymentPostprocessing = 0;
		};
		6C51DC2E27B6177000E54296 /* Resources */ = {
			isa = PBXResourcesBuildPhase;
			buildActionMask = 2147483647;
			files = (
			);
			runOnlyForDeploymentPostprocessing = 0;
		};
/* End PBXResourcesBuildPhase section */

/* Begin PBXShellScriptBuildPhase section */
		2809B19BDE481B81EAD1E576 /* [CP] Check Pods Manifest.lock */ = {
			isa = PBXShellScriptBuildPhase;
			buildActionMask = 2147483647;
			files = (
			);
			inputFileListPaths = (
			);
			inputPaths = (
				"${PODS_PODFILE_DIR_PATH}/Podfile.lock",
				"${PODS_ROOT}/Manifest.lock",
			);
			name = "[CP] Check Pods Manifest.lock";
			outputFileListPaths = (
			);
			outputPaths = (
				"$(DERIVED_FILE_DIR)/Pods-TipJarTests-checkManifestLockResult.txt",
			);
			runOnlyForDeploymentPostprocessing = 0;
			shellPath = /bin/sh;
			shellScript = "diff \"${PODS_PODFILE_DIR_PATH}/Podfile.lock\" \"${PODS_ROOT}/Manifest.lock\" > /dev/null\nif [ $? != 0 ] ; then\n    # print error to STDERR\n    echo \"error: The sandbox is not in sync with the Podfile.lock. Run 'pod install' or update your CocoaPods installation.\" >&2\n    exit 1\nfi\n# This output is used by Xcode 'outputs' to avoid re-running this script phase.\necho \"SUCCESS\" > \"${SCRIPT_OUTPUT_FILE_0}\"\n";
			showEnvVarsInLog = 0;
		};
		5C04788A012965099AF742B1 /* [CP] Check Pods Manifest.lock */ = {
			isa = PBXShellScriptBuildPhase;
			buildActionMask = 2147483647;
			files = (
			);
			inputFileListPaths = (
			);
			inputPaths = (
				"${PODS_PODFILE_DIR_PATH}/Podfile.lock",
				"${PODS_ROOT}/Manifest.lock",
			);
			name = "[CP] Check Pods Manifest.lock";
			outputFileListPaths = (
			);
			outputPaths = (
				"$(DERIVED_FILE_DIR)/Pods-TipJar-checkManifestLockResult.txt",
			);
			runOnlyForDeploymentPostprocessing = 0;
			shellPath = /bin/sh;
			shellScript = "diff \"${PODS_PODFILE_DIR_PATH}/Podfile.lock\" \"${PODS_ROOT}/Manifest.lock\" > /dev/null\nif [ $? != 0 ] ; then\n    # print error to STDERR\n    echo \"error: The sandbox is not in sync with the Podfile.lock. Run 'pod install' or update your CocoaPods installation.\" >&2\n    exit 1\nfi\n# This output is used by Xcode 'outputs' to avoid re-running this script phase.\necho \"SUCCESS\" > \"${SCRIPT_OUTPUT_FILE_0}\"\n";
			showEnvVarsInLog = 0;
		};
		6266566C5B74D5AEEA9803CA /* [CP] Embed Pods Frameworks */ = {
			isa = PBXShellScriptBuildPhase;
			buildActionMask = 2147483647;
			files = (
			);
			inputFileListPaths = (
				"${PODS_ROOT}/Target Support Files/Pods-TipJar-TipJarUITests/Pods-TipJar-TipJarUITests-frameworks-${CONFIGURATION}-input-files.xcfilelist",
			);
			name = "[CP] Embed Pods Frameworks";
			outputFileListPaths = (
				"${PODS_ROOT}/Target Support Files/Pods-TipJar-TipJarUITests/Pods-TipJar-TipJarUITests-frameworks-${CONFIGURATION}-output-files.xcfilelist",
			);
			runOnlyForDeploymentPostprocessing = 0;
			shellPath = /bin/sh;
			shellScript = "\"${PODS_ROOT}/Target Support Files/Pods-TipJar-TipJarUITests/Pods-TipJar-TipJarUITests-frameworks.sh\"\n";
			showEnvVarsInLog = 0;
		};
		C791E344326F6D82D51D3DE6 /* [CP] Embed Pods Frameworks */ = {
			isa = PBXShellScriptBuildPhase;
			buildActionMask = 2147483647;
			files = (
			);
			inputFileListPaths = (
				"${PODS_ROOT}/Target Support Files/Pods-TipJar/Pods-TipJar-frameworks-${CONFIGURATION}-input-files.xcfilelist",
			);
			name = "[CP] Embed Pods Frameworks";
			outputFileListPaths = (
				"${PODS_ROOT}/Target Support Files/Pods-TipJar/Pods-TipJar-frameworks-${CONFIGURATION}-output-files.xcfilelist",
			);
			runOnlyForDeploymentPostprocessing = 0;
			shellPath = /bin/sh;
			shellScript = "\"${PODS_ROOT}/Target Support Files/Pods-TipJar/Pods-TipJar-frameworks.sh\"\n";
			showEnvVarsInLog = 0;
		};
		D5A8F823A0E33F78DD70AD3B /* [CP] Check Pods Manifest.lock */ = {
			isa = PBXShellScriptBuildPhase;
			buildActionMask = 2147483647;
			files = (
			);
			inputFileListPaths = (
			);
			inputPaths = (
				"${PODS_PODFILE_DIR_PATH}/Podfile.lock",
				"${PODS_ROOT}/Manifest.lock",
			);
			name = "[CP] Check Pods Manifest.lock";
			outputFileListPaths = (
			);
			outputPaths = (
				"$(DERIVED_FILE_DIR)/Pods-TipJar-TipJarUITests-checkManifestLockResult.txt",
			);
			runOnlyForDeploymentPostprocessing = 0;
			shellPath = /bin/sh;
			shellScript = "diff \"${PODS_PODFILE_DIR_PATH}/Podfile.lock\" \"${PODS_ROOT}/Manifest.lock\" > /dev/null\nif [ $? != 0 ] ; then\n    # print error to STDERR\n    echo \"error: The sandbox is not in sync with the Podfile.lock. Run 'pod install' or update your CocoaPods installation.\" >&2\n    exit 1\nfi\n# This output is used by Xcode 'outputs' to avoid re-running this script phase.\necho \"SUCCESS\" > \"${SCRIPT_OUTPUT_FILE_0}\"\n";
			showEnvVarsInLog = 0;
		};
		DA7A3D4727FDFACD005DD933 /* R.Swift Script */ = {
			isa = PBXShellScriptBuildPhase;
			alwaysOutOfDate = 1;
			buildActionMask = 2147483647;
			files = (
			);
			inputFileListPaths = (
			);
			inputPaths = (
			);
			name = "R.Swift Script";
			outputFileListPaths = (
			);
			outputPaths = (
				$SRCROOT/R.generated.swift,
			);
			runOnlyForDeploymentPostprocessing = 0;
			shellPath = /bin/sh;
			shellScript = "\"$PODS_ROOT/R.swift/rswift\" generate \"$SRCROOT/R.generated.swift\"\n";
		};
/* End PBXShellScriptBuildPhase section */

/* Begin PBXSourcesBuildPhase section */
		6C51DC1227B6176F00E54296 /* Sources */ = {
			isa = PBXSourcesBuildPhase;
			buildActionMask = 2147483647;
			files = (
				DA7A3D6427FEE5E9005DD933 /* Screen.swift in Sources */,
				DA7A3DAE28022397005DD933 /* CameraCoordinator.swift in Sources */,
				DA7A3D7328002899005DD933 /* NavigationBarViewModel.swift in Sources */,
				DA7A3D7F28003238005DD933 /* HomeScreen.swift in Sources */,
				DAFE44EE27FD8E490050A44F /* HorizontalListItemViewModel.swift in Sources */,
				DA7A3D9628020C59005DD933 /* String+Extensions.swift in Sources */,
				DA7A3D4927FDFBBB005DD933 /* R.generated.swift in Sources */,
				DAFE44D727FCD2900050A44F /* StepperView.swift in Sources */,
				DA7A3D5D27FE0D11005DD933 /* CheckmarkViewModel.swift in Sources */,
				DA7A3D6F27FEEC33005DD933 /* Hashable+Extensions.swift in Sources */,
				DAFE44C827FC2D140050A44F /* Symbols.swift in Sources */,
				DAFE44CD27FC31B40050A44F /* AmountInputView.swift in Sources */,
				DA7A3D5827FE09E2005DD933 /* NavigationBarView.swift in Sources */,
				DAFE44E427FCEBC90050A44F /* StepperViewModel.swift in Sources */,
				DA7A3DA82802225E005DD933 /* CameraScreen.swift in Sources */,
				DAFE44DC27FCD5FC0050A44F /* MainAmountInputViewStyle.swift in Sources */,
				DA7A3D7127FEEC51005DD933 /* Double+Extensions.swift in Sources */,
				DAFE44DE27FCD6240050A44F /* TipAmountInputViewStyle.swift in Sources */,
				DA7A3D912800E03A005DD933 /* PaymentHistoryListItemViewModel.swift in Sources */,
				DA7A3D5B27FE0B32005DD933 /* CheckmarkView.swift in Sources */,
				DA7A3D76280028D4005DD933 /* ButtonView.swift in Sources */,
				DA7A3D892800A3E5005DD933 /* PaymentHistoryScreenViewModel.swift in Sources */,
				DAFE44F327FD8F580050A44F /* SmallHorizontalListItemViewStyle.swift in Sources */,
				DA7A3D5F27FE10B3005DD933 /* MediumHorizontalListItemViewStyle.swift in Sources */,
				DA7A3DA528021D48005DD933 /* PaymentDetailView.swift in Sources */,
				DA7A3DAB280222AB005DD933 /* CameraRepresentable.swift in Sources */,
				DAFE44E627FCEC970050A44F /* Int+Extensions.swift in Sources */,
				DA7A3D7C28002C3F005DD933 /* View+Name.swift in Sources */,
				DAFE44CF27FC59E50050A44F /* AmountInputViewModel.swift in Sources */,
				DAFE44FB27FD92140050A44F /* LinearGradients.swift in Sources */,
				DAFE44C027FC2B270050A44F /* Spaces.swift in Sources */,
				DA7A3D6127FE13ED005DD933 /* AppDelegate.swift in Sources */,
				DA7A3DA228021C94005DD933 /* FullScreenModal.swift in Sources */,
				DAFE44DA27FCD5750050A44F /* AmoutInputViewStyle.swift in Sources */,
				DA7A3D8428003362005DD933 /* HomeCoordinator.swift in Sources */,
				DA7A3D8B2800A5F8005DD933 /* PaymentHistoryCoordinator.swift in Sources */,
				DA7A3D9428016AB0005DD933 /* UINavigationController+Extensions.swift in Sources */,
				DA7A3D6D27FEEB66005DD933 /* ScreenViewModel.swift in Sources */,
				DAFE44F927FD8FA00050A44F /* Colors.swift in Sources */,
				DA17678F2803487200493A8F /* CameraRepresentableViewModel.swift in Sources */,
				DAFE44D327FCCD1E0050A44F /* HomeScreenViewModel.swift in Sources */,
				DAFE44D127FC5ADF0050A44F /* FrameSizes.swift in Sources */,
				DAFE44C227FC2B7E0050A44F /* CornerRadiuses.swift in Sources */,
				DAFE44C427FC2BBC0050A44F /* DefaultValues.swift in Sources */,
				DA7A3D7A28002937005DD933 /* Typealiases.swift in Sources */,
				DAFE44F727FD8F730050A44F /* HorizontalListItemViewStyle.swift in Sources */,
				DA7A3D782800290A005DD933 /* ButtonViewModel.swift in Sources */,
				DAFE44EC27FD8D600050A44F /* HorizontalListItemView.swift in Sources */,
				DA7A3D872800A3B7005DD933 /* PaymentHistoryScreen.swift in Sources */,
				DA7A3D6B27FEEA11005DD933 /* ScreenContent.swift in Sources */,
				DA7A3D8F2800E035005DD933 /* PaymentHistoryListItemView.swift in Sources */,
				DAFE44BC27FC27860050A44F /* Fonts.swift in Sources */,
				6C51DC1A27B6176F00E54296 /* TipJarApp.swift in Sources */,
				DAFE44E227FCD6920050A44F /* View+Hidden.swift in Sources */,
			);
			runOnlyForDeploymentPostprocessing = 0;
		};
		6C51DC2227B6177000E54296 /* Sources */ = {
			isa = PBXSourcesBuildPhase;
			buildActionMask = 2147483647;
			files = (
				6C51DC2B27B6177000E54296 /* TipJarTests.swift in Sources */,
			);
			runOnlyForDeploymentPostprocessing = 0;
		};
		6C51DC2C27B6177000E54296 /* Sources */ = {
			isa = PBXSourcesBuildPhase;
			buildActionMask = 2147483647;
			files = (
				6C51DC3727B6177000E54296 /* TipJarUITestsLaunchTests.swift in Sources */,
				6C51DC3527B6177000E54296 /* TipJarUITests.swift in Sources */,
			);
			runOnlyForDeploymentPostprocessing = 0;
		};
/* End PBXSourcesBuildPhase section */

/* Begin PBXTargetDependency section */
		6C51DC2827B6177000E54296 /* PBXTargetDependency */ = {
			isa = PBXTargetDependency;
			target = 6C51DC1527B6176F00E54296 /* TipJar */;
			targetProxy = 6C51DC2727B6177000E54296 /* PBXContainerItemProxy */;
		};
		6C51DC3227B6177000E54296 /* PBXTargetDependency */ = {
			isa = PBXTargetDependency;
			target = 6C51DC1527B6176F00E54296 /* TipJar */;
			targetProxy = 6C51DC3127B6177000E54296 /* PBXContainerItemProxy */;
		};
/* End PBXTargetDependency section */

/* Begin XCBuildConfiguration section */
		6C51DC3827B6177000E54296 /* Debug */ = {
			isa = XCBuildConfiguration;
			buildSettings = {
				ALWAYS_SEARCH_USER_PATHS = NO;
				CLANG_ANALYZER_NONNULL = YES;
				CLANG_ANALYZER_NUMBER_OBJECT_CONVERSION = YES_AGGRESSIVE;
				CLANG_CXX_LANGUAGE_STANDARD = "gnu++17";
				CLANG_CXX_LIBRARY = "libc++";
				CLANG_ENABLE_MODULES = YES;
				CLANG_ENABLE_OBJC_ARC = YES;
				CLANG_ENABLE_OBJC_WEAK = YES;
				CLANG_WARN_BLOCK_CAPTURE_AUTORELEASING = YES;
				CLANG_WARN_BOOL_CONVERSION = YES;
				CLANG_WARN_COMMA = YES;
				CLANG_WARN_CONSTANT_CONVERSION = YES;
				CLANG_WARN_DEPRECATED_OBJC_IMPLEMENTATIONS = YES;
				CLANG_WARN_DIRECT_OBJC_ISA_USAGE = YES_ERROR;
				CLANG_WARN_DOCUMENTATION_COMMENTS = YES;
				CLANG_WARN_EMPTY_BODY = YES;
				CLANG_WARN_ENUM_CONVERSION = YES;
				CLANG_WARN_INFINITE_RECURSION = YES;
				CLANG_WARN_INT_CONVERSION = YES;
				CLANG_WARN_NON_LITERAL_NULL_CONVERSION = YES;
				CLANG_WARN_OBJC_IMPLICIT_RETAIN_SELF = YES;
				CLANG_WARN_OBJC_LITERAL_CONVERSION = YES;
				CLANG_WARN_OBJC_ROOT_CLASS = YES_ERROR;
				CLANG_WARN_QUOTED_INCLUDE_IN_FRAMEWORK_HEADER = YES;
				CLANG_WARN_RANGE_LOOP_ANALYSIS = YES;
				CLANG_WARN_STRICT_PROTOTYPES = YES;
				CLANG_WARN_SUSPICIOUS_MOVE = YES;
				CLANG_WARN_UNGUARDED_AVAILABILITY = YES_AGGRESSIVE;
				CLANG_WARN_UNREACHABLE_CODE = YES;
				CLANG_WARN__DUPLICATE_METHOD_MATCH = YES;
				COPY_PHASE_STRIP = NO;
				DEBUG_INFORMATION_FORMAT = dwarf;
				ENABLE_STRICT_OBJC_MSGSEND = YES;
				ENABLE_TESTABILITY = YES;
				GCC_C_LANGUAGE_STANDARD = gnu11;
				GCC_DYNAMIC_NO_PIC = NO;
				GCC_NO_COMMON_BLOCKS = YES;
				GCC_OPTIMIZATION_LEVEL = 0;
				GCC_PREPROCESSOR_DEFINITIONS = (
					"DEBUG=1",
					"$(inherited)",
				);
				GCC_WARN_64_TO_32_BIT_CONVERSION = YES;
				GCC_WARN_ABOUT_RETURN_TYPE = YES_ERROR;
				GCC_WARN_UNDECLARED_SELECTOR = YES;
				GCC_WARN_UNINITIALIZED_AUTOS = YES_AGGRESSIVE;
				GCC_WARN_UNUSED_FUNCTION = YES;
				GCC_WARN_UNUSED_VARIABLE = YES;
				IPHONEOS_DEPLOYMENT_TARGET = 15.2;
				MTL_ENABLE_DEBUG_INFO = INCLUDE_SOURCE;
				MTL_FAST_MATH = YES;
				ONLY_ACTIVE_ARCH = YES;
				SDKROOT = iphoneos;
				SWIFT_ACTIVE_COMPILATION_CONDITIONS = DEBUG;
				SWIFT_OPTIMIZATION_LEVEL = "-Onone";
			};
			name = Debug;
		};
		6C51DC3927B6177000E54296 /* Release */ = {
			isa = XCBuildConfiguration;
			buildSettings = {
				ALWAYS_SEARCH_USER_PATHS = NO;
				CLANG_ANALYZER_NONNULL = YES;
				CLANG_ANALYZER_NUMBER_OBJECT_CONVERSION = YES_AGGRESSIVE;
				CLANG_CXX_LANGUAGE_STANDARD = "gnu++17";
				CLANG_CXX_LIBRARY = "libc++";
				CLANG_ENABLE_MODULES = YES;
				CLANG_ENABLE_OBJC_ARC = YES;
				CLANG_ENABLE_OBJC_WEAK = YES;
				CLANG_WARN_BLOCK_CAPTURE_AUTORELEASING = YES;
				CLANG_WARN_BOOL_CONVERSION = YES;
				CLANG_WARN_COMMA = YES;
				CLANG_WARN_CONSTANT_CONVERSION = YES;
				CLANG_WARN_DEPRECATED_OBJC_IMPLEMENTATIONS = YES;
				CLANG_WARN_DIRECT_OBJC_ISA_USAGE = YES_ERROR;
				CLANG_WARN_DOCUMENTATION_COMMENTS = YES;
				CLANG_WARN_EMPTY_BODY = YES;
				CLANG_WARN_ENUM_CONVERSION = YES;
				CLANG_WARN_INFINITE_RECURSION = YES;
				CLANG_WARN_INT_CONVERSION = YES;
				CLANG_WARN_NON_LITERAL_NULL_CONVERSION = YES;
				CLANG_WARN_OBJC_IMPLICIT_RETAIN_SELF = YES;
				CLANG_WARN_OBJC_LITERAL_CONVERSION = YES;
				CLANG_WARN_OBJC_ROOT_CLASS = YES_ERROR;
				CLANG_WARN_QUOTED_INCLUDE_IN_FRAMEWORK_HEADER = YES;
				CLANG_WARN_RANGE_LOOP_ANALYSIS = YES;
				CLANG_WARN_STRICT_PROTOTYPES = YES;
				CLANG_WARN_SUSPICIOUS_MOVE = YES;
				CLANG_WARN_UNGUARDED_AVAILABILITY = YES_AGGRESSIVE;
				CLANG_WARN_UNREACHABLE_CODE = YES;
				CLANG_WARN__DUPLICATE_METHOD_MATCH = YES;
				COPY_PHASE_STRIP = NO;
				DEBUG_INFORMATION_FORMAT = "dwarf-with-dsym";
				ENABLE_NS_ASSERTIONS = NO;
				ENABLE_STRICT_OBJC_MSGSEND = YES;
				GCC_C_LANGUAGE_STANDARD = gnu11;
				GCC_NO_COMMON_BLOCKS = YES;
				GCC_WARN_64_TO_32_BIT_CONVERSION = YES;
				GCC_WARN_ABOUT_RETURN_TYPE = YES_ERROR;
				GCC_WARN_UNDECLARED_SELECTOR = YES;
				GCC_WARN_UNINITIALIZED_AUTOS = YES_AGGRESSIVE;
				GCC_WARN_UNUSED_FUNCTION = YES;
				GCC_WARN_UNUSED_VARIABLE = YES;
				IPHONEOS_DEPLOYMENT_TARGET = 15.2;
				MTL_ENABLE_DEBUG_INFO = NO;
				MTL_FAST_MATH = YES;
				SDKROOT = iphoneos;
				SWIFT_COMPILATION_MODE = wholemodule;
				SWIFT_OPTIMIZATION_LEVEL = "-O";
				VALIDATE_PRODUCT = YES;
			};
			name = Release;
		};
		6C51DC3B27B6177000E54296 /* Debug */ = {
			isa = XCBuildConfiguration;
			baseConfigurationReference = 70F4D91C93FE8913824257C8 /* Pods-TipJar.debug.xcconfig */;
			buildSettings = {
				ASSETCATALOG_COMPILER_APPICON_NAME = AppIcon;
				ASSETCATALOG_COMPILER_GLOBAL_ACCENT_COLOR_NAME = AccentColor;
				CODE_SIGN_IDENTITY = "Apple Development";
				CODE_SIGN_STYLE = Automatic;
				CURRENT_PROJECT_VERSION = 1;
				DEVELOPMENT_ASSET_PATHS = "\"TipJar/Preview Content\"";
				DEVELOPMENT_TEAM = 7XEYD8LZ83;
				ENABLE_PREVIEWS = YES;
				GENERATE_INFOPLIST_FILE = YES;
				INFOPLIST_FILE = TipJar/Info.plist;
				INFOPLIST_KEY_NSCameraUsageDescription = "Allow $(PRODUCT_NAME) for Camera Access";
				INFOPLIST_KEY_UIApplicationSceneManifest_Generation = YES;
				INFOPLIST_KEY_UIApplicationSupportsIndirectInputEvents = YES;
				INFOPLIST_KEY_UISupportedInterfaceOrientations_iPad = "UIInterfaceOrientationPortrait UIInterfaceOrientationPortraitUpsideDown UIInterfaceOrientationLandscapeLeft UIInterfaceOrientationLandscapeRight";
				INFOPLIST_KEY_UISupportedInterfaceOrientations_iPhone = "UIInterfaceOrientationPortrait UIInterfaceOrientationLandscapeLeft UIInterfaceOrientationLandscapeRight";
				IPHONEOS_DEPLOYMENT_TARGET = 15.0;
				LD_RUNPATH_SEARCH_PATHS = (
					"$(inherited)",
					"@executable_path/Frameworks",
				);
				MARKETING_VERSION = 1.0;
				PRODUCT_BUNDLE_IDENTIFIER = com.bitcoin.tipjar.TipJar;
				PRODUCT_NAME = "$(TARGET_NAME)";
				PROVISIONING_PROFILE_SPECIFIER = "";
				SWIFT_EMIT_LOC_STRINGS = YES;
				SWIFT_VERSION = 5.0;
				TARGETED_DEVICE_FAMILY = "1,2";
			};
			name = Debug;
		};
		6C51DC3C27B6177000E54296 /* Release */ = {
			isa = XCBuildConfiguration;
			baseConfigurationReference = 2D2E67C08770B31F83530554 /* Pods-TipJar.release.xcconfig */;
			buildSettings = {
				ASSETCATALOG_COMPILER_APPICON_NAME = AppIcon;
				ASSETCATALOG_COMPILER_GLOBAL_ACCENT_COLOR_NAME = AccentColor;
				CODE_SIGN_STYLE = Automatic;
				CURRENT_PROJECT_VERSION = 1;
				DEVELOPMENT_ASSET_PATHS = "\"TipJar/Preview Content\"";
				DEVELOPMENT_TEAM = 299HJ3G3BP;
				ENABLE_PREVIEWS = YES;
				GENERATE_INFOPLIST_FILE = YES;
				INFOPLIST_FILE = TipJar/Info.plist;
				INFOPLIST_KEY_NSCameraUsageDescription = "Allow $(PRODUCT_NAME) for Camera Access";
				INFOPLIST_KEY_UIApplicationSceneManifest_Generation = YES;
				INFOPLIST_KEY_UIApplicationSupportsIndirectInputEvents = YES;
				INFOPLIST_KEY_UISupportedInterfaceOrientations_iPad = "UIInterfaceOrientationPortrait UIInterfaceOrientationPortraitUpsideDown UIInterfaceOrientationLandscapeLeft UIInterfaceOrientationLandscapeRight";
				INFOPLIST_KEY_UISupportedInterfaceOrientations_iPhone = "UIInterfaceOrientationPortrait UIInterfaceOrientationLandscapeLeft UIInterfaceOrientationLandscapeRight";
				IPHONEOS_DEPLOYMENT_TARGET = 15.0;
				LD_RUNPATH_SEARCH_PATHS = (
					"$(inherited)",
					"@executable_path/Frameworks",
				);
				MARKETING_VERSION = 1.0;
				PRODUCT_BUNDLE_IDENTIFIER = com.bitcoin.tipjar.TipJar;
				PRODUCT_NAME = "$(TARGET_NAME)";
				SWIFT_EMIT_LOC_STRINGS = YES;
				SWIFT_VERSION = 5.0;
				TARGETED_DEVICE_FAMILY = "1,2";
			};
			name = Release;
		};
		6C51DC3E27B6177000E54296 /* Debug */ = {
			isa = XCBuildConfiguration;
			baseConfigurationReference = 2C5419886C60FF8E07EC1503 /* Pods-TipJarTests.debug.xcconfig */;
			buildSettings = {
				ALWAYS_EMBED_SWIFT_STANDARD_LIBRARIES = YES;
				BUNDLE_LOADER = "$(TEST_HOST)";
				CODE_SIGN_STYLE = Automatic;
				CURRENT_PROJECT_VERSION = 1;
				DEVELOPMENT_TEAM = 299HJ3G3BP;
				GENERATE_INFOPLIST_FILE = YES;
				IPHONEOS_DEPLOYMENT_TARGET = 15.0;
				MARKETING_VERSION = 1.0;
				PRODUCT_BUNDLE_IDENTIFIER = com.bitcoin.tipjar.TipJarTests;
				PRODUCT_NAME = "$(TARGET_NAME)";
				SWIFT_EMIT_LOC_STRINGS = NO;
				SWIFT_VERSION = 5.0;
				TARGETED_DEVICE_FAMILY = "1,2";
				TEST_HOST = "$(BUILT_PRODUCTS_DIR)/TipJar.app/TipJar";
			};
			name = Debug;
		};
		6C51DC3F27B6177000E54296 /* Release */ = {
			isa = XCBuildConfiguration;
			baseConfigurationReference = EC083C2C81E0623A39D1EF1B /* Pods-TipJarTests.release.xcconfig */;
			buildSettings = {
				ALWAYS_EMBED_SWIFT_STANDARD_LIBRARIES = YES;
				BUNDLE_LOADER = "$(TEST_HOST)";
				CODE_SIGN_STYLE = Automatic;
				CURRENT_PROJECT_VERSION = 1;
				DEVELOPMENT_TEAM = 299HJ3G3BP;
				GENERATE_INFOPLIST_FILE = YES;
				IPHONEOS_DEPLOYMENT_TARGET = 15.0;
				MARKETING_VERSION = 1.0;
				PRODUCT_BUNDLE_IDENTIFIER = com.bitcoin.tipjar.TipJarTests;
				PRODUCT_NAME = "$(TARGET_NAME)";
				SWIFT_EMIT_LOC_STRINGS = NO;
				SWIFT_VERSION = 5.0;
				TARGETED_DEVICE_FAMILY = "1,2";
				TEST_HOST = "$(BUILT_PRODUCTS_DIR)/TipJar.app/TipJar";
			};
			name = Release;
		};
		6C51DC4127B6177000E54296 /* Debug */ = {
			isa = XCBuildConfiguration;
			baseConfigurationReference = 3AC7CB1F16F284C7C7B5ECC3 /* Pods-TipJar-TipJarUITests.debug.xcconfig */;
			buildSettings = {
				ALWAYS_EMBED_SWIFT_STANDARD_LIBRARIES = YES;
				"CODE_SIGN_IDENTITY[sdk=macosx*]" = "-";
				CODE_SIGN_STYLE = Automatic;
				CURRENT_PROJECT_VERSION = 1;
				DEVELOPMENT_TEAM = 9VAX9JU49H;
				GENERATE_INFOPLIST_FILE = YES;
				IPHONEOS_DEPLOYMENT_TARGET = 15.0;
				MARKETING_VERSION = 1.0;
				PRODUCT_BUNDLE_IDENTIFIER = com.bitcoin.tipjar.TipJarUITests;
				PRODUCT_NAME = "$(TARGET_NAME)";
				SWIFT_EMIT_LOC_STRINGS = NO;
				SWIFT_VERSION = 5.0;
				TARGETED_DEVICE_FAMILY = "1,2";
				TEST_TARGET_NAME = TipJar;
			};
			name = Debug;
		};
		6C51DC4227B6177000E54296 /* Release */ = {
			isa = XCBuildConfiguration;
			baseConfigurationReference = 012EA2E38BEB87137FABC57C /* Pods-TipJar-TipJarUITests.release.xcconfig */;
			buildSettings = {
				ALWAYS_EMBED_SWIFT_STANDARD_LIBRARIES = YES;
				CODE_SIGN_STYLE = Automatic;
				CURRENT_PROJECT_VERSION = 1;
				DEVELOPMENT_TEAM = 299HJ3G3BP;
				GENERATE_INFOPLIST_FILE = YES;
				IPHONEOS_DEPLOYMENT_TARGET = 15.0;
				MARKETING_VERSION = 1.0;
				PRODUCT_BUNDLE_IDENTIFIER = com.bitcoin.tipjar.TipJarUITests;
				PRODUCT_NAME = "$(TARGET_NAME)";
				SWIFT_EMIT_LOC_STRINGS = NO;
				SWIFT_VERSION = 5.0;
				TARGETED_DEVICE_FAMILY = "1,2";
				TEST_TARGET_NAME = TipJar;
			};
			name = Release;
		};
/* End XCBuildConfiguration section */

/* Begin XCConfigurationList section */
		6C51DC1127B6176F00E54296 /* Build configuration list for PBXProject "TipJar" */ = {
			isa = XCConfigurationList;
			buildConfigurations = (
				6C51DC3827B6177000E54296 /* Debug */,
				6C51DC3927B6177000E54296 /* Release */,
			);
			defaultConfigurationIsVisible = 0;
			defaultConfigurationName = Release;
		};
		6C51DC3A27B6177000E54296 /* Build configuration list for PBXNativeTarget "TipJar" */ = {
			isa = XCConfigurationList;
			buildConfigurations = (
				6C51DC3B27B6177000E54296 /* Debug */,
				6C51DC3C27B6177000E54296 /* Release */,
			);
			defaultConfigurationIsVisible = 0;
			defaultConfigurationName = Release;
		};
		6C51DC3D27B6177000E54296 /* Build configuration list for PBXNativeTarget "TipJarTests" */ = {
			isa = XCConfigurationList;
			buildConfigurations = (
				6C51DC3E27B6177000E54296 /* Debug */,
				6C51DC3F27B6177000E54296 /* Release */,
			);
			defaultConfigurationIsVisible = 0;
			defaultConfigurationName = Release;
		};
		6C51DC4027B6177000E54296 /* Build configuration list for PBXNativeTarget "TipJarUITests" */ = {
			isa = XCConfigurationList;
			buildConfigurations = (
				6C51DC4127B6177000E54296 /* Debug */,
				6C51DC4227B6177000E54296 /* Release */,
			);
			defaultConfigurationIsVisible = 0;
			defaultConfigurationName = Release;
		};
/* End XCConfigurationList section */
	};
	rootObject = 6C51DC0E27B6176F00E54296 /* Project object */;
}
